{
    "name": "visualcoder",
    "lockfileVersion": 2,
    "requires": true,
    "packages": {
        "": {
            "dependencies": {
                "connect-livereload": "^0.6.1",
                "eruda": "^2.4.1"
            }
        },
        "node_modules/connect-livereload": {
            "version": "0.6.1",
            "resolved": "https://registry.npmjs.org/connect-livereload/-/connect-livereload-0.6.1.tgz",
            "integrity": "sha512-3R0kMOdL7CjJpU66fzAkCe6HNtd3AavCS4m+uW4KtJjrdGPT0SQEZieAYd+cm+lJoBznNQ4lqipYWkhBMgk00g==",
            "engines": {
                "node": "*"
            }
        },
        "node_modules/eruda": {
            "version": "2.4.1",
            "resolved": "https://registry.npmjs.org/eruda/-/eruda-2.4.1.tgz",
            "integrity": "sha512-rI16JoCsyy/pzXbPo7X6EMSUrhbtKZeFZGopiqrmCKxA8GlH61IXjlQAk1SWGpVpkJ6A1z7leuF8EmhFsU+OXQ=="
        }
    },
    "dependencies": {
        "connect-livereload": {
            "version": "0.6.1",
            "resolved": "https://registry.npmjs.org/connect-livereload/-/connect-livereload-0.6.1.tgz",
            "integrity": "sha512-3R0kMOdL7CjJpU66fzAkCe6HNtd3AavCS4m+uW4KtJjrdGPT0SQEZieAYd+cm+lJoBznNQ4lqipYWkhBMgk00g=="
        },
        "eruda": {
            "version": "2.4.1",
            "resolved": "https://registry.npmjs.org/eruda/-/eruda-2.4.1.tgz",
            "integrity": "sha512-rI16JoCsyy/pzXbPo7X6EMSUrhbtKZeFZGopiqrmCKxA8GlH61IXjlQAk1SWGpVpkJ6A1z7leuF8EmhFsU+OXQ=="
        }
    }
}
